
Microsoft Visual Studio Solution File, Format Version 12.00
# Visual Studio Version 16
VisualStudioVersion = 16.0.31424.327
MinimumVisualStudioVersion = 10.0.40219.1
Project("{FAE04EC0-301F-11D3-BF4B-00C04F79EFBC}") = "TestComplete.BoaConstrictorSpecflowDemo", "TestComplete.BoaConstrictorSpecflowDemo\TestComplete.BoaConstrictorSpecflowDemo.csproj", "{D43693F5-0B90-477F-8309-1FF2B14FC80A}"
EndProject
Global
	GlobalSection(SolutionConfigurationPlatforms) = preSolution
		Debug|Any CPU = Debug|Any CPU
		Release|Any CPU = Release|Any CPU
	EndGlobalSection
	GlobalSection(ProjectConfigurationPlatforms) = postSolution
		{D43693F5-0B90-477F-8309-1FF2B14FC80A}.Debug|Any CPU.ActiveCfg = Debug|Any CPU
		{D43693F5-0B90-477F-8309-1FF2B14FC80A}.Debug|Any CPU.Build.0 = Debug|Any CPU
		{D43693F5-0B90-477F-8309-1FF2B14FC80A}.Release|Any CPU.ActiveCfg = Release|Any CPU
		{D43693F5-0B90-477F-8309-1FF2B14FC80A}.Release|Any CPU.Build.0 = Release|Any CPU
	EndGlobalSection
	GlobalSection(SolutionProperties) = preSolution
		HideSolutionNode = FALSE
	EndGlobalSection
	GlobalSection(ExtensibilityGlobals) = postSolution
		SolutionGuid = {6D88AD66-F206-4EC3-A25D-A59B470998D0}
	EndGlobalSection
EndGlobal
